{
  "version": 2,
  "dependencies": {
    "net9.0": {
      "JsonSchema.Net.OpenApi": {
        "type": "Direct",
        "requested": "[5.0.1, )",
        "resolved": "5.0.1",
        "contentHash": "dUihZQdvBD1Ye0mALENHkH/ZeRxhEFnEPRg4Wt9dDt6nvbWEEZR3Mr6+EqWcvjCO4I8CkfM4jN1UC2/lcz5UQA==",
        "dependencies": {
          "JsonSchema.Net": "9.1.3"
        }
      },
      "Microsoft.OpenApi.YamlReader": {
        "type": "Direct",
        "requested": "[3.5.1, )",
        "resolved": "3.5.1",
        "contentHash": "1UCJe5jnraCRMazFtpnj8NObAnXa4kJ54Hmw7cgT5xlcIRbbglfznlRz+iqrVjpEq9iGwcHVr559/LWxCwNxjw==",
        "dependencies": {
          "Microsoft.OpenApi": "3.5.1",
          "SharpYaml": "2.1.4",
          "System.Text.Json": "8.0.5"
        }
      },
      "Humanizer.Core": {
        "type": "Transitive",
        "resolved": "3.0.10",
        "contentHash": "yZIhtw8sYuvsONzQbZxWpR60tMWYHXoo0DL6nyOqSFiU5POjBTSEyWFpTQtJEZuy+oqiYTXKXY/Mjx7KnqIQFw=="
      },
      "Json.More.Net": {
        "type": "Transitive",
        "resolved": "3.0.1",
        "contentHash": "fRctF2J2SILYG6wqP21drmeEODmCVkVQ/b3MndDu2fT1swfySyUgq7ePCk+aENGlDcIm05fyfjh9vcuqDEfv3w=="
      },
      "JsonPointer.Net": {
        "type": "Transitive",
        "resolved": "7.0.1",
        "contentHash": "5C497yxfktYFsqxKG+GUQPsMvBqIjzLkqtDEdMGsnBpl3/OB8DOvTo7LEyRX7AVc1kVVj0IX5zhmLrlbvAYEnw==",
        "dependencies": {
          "Humanizer.Core": "3.0.10",
          "Json.More.Net": "3.0.1"
        }
      },
      "JsonSchema.Net": {
        "type": "Transitive",
        "resolved": "9.1.3",
        "contentHash": "xFRoACwojVG8X/9eaq6w53ZdKtfNxZcVx/6O4Cee0pYE5Ra1yU0MdKuThe3IVEeXz9nSQuxNqhJ4rZJ87ckXiA==",
        "dependencies": {
          "JsonPointer.Net": "7.0.1"
        }
      },
      "Microsoft.OpenApi": {
        "type": "Transitive",
        "resolved": "3.5.1",
        "contentHash": "UkWK59fPIACeXY769xg6rM3mvwZnEmYxyGTa12vVF9N08QjKzxnkOX6l2iiOA5RL4emGX49tRX7gZMUfyHZ+/w==",
        "dependencies": {
          "System.Text.Json": "8.0.5"
        }
      },
      "SharpYaml": {
        "type": "Transitive",
        "resolved": "2.1.4",
        "contentHash": "/iwULhVBpTjD4wPZhLU+eUWBanDvri/2AGx5YbaAj5kp9kXzhqUfJEy56H5Yi+c+OXsdm/oKD1aTKB24BFp8cw=="
      },
      "System.Text.Json": {
        "type": "Transitive",
        "resolved": "8.0.5",
        "contentHash": "0f1B50Ss7rqxXiaBJyzUu9bWFOO2/zSlifZ/UNMdiIpDYe4cY4LQQicP4nirK1OS31I43rn062UIJ1Q9bpmHpg=="
      }
    }
  }
}