{
  "version": 2,
  "dependencies": {
    "net9.0": {
      "JsonSchema.Net": {
        "type": "Direct",
        "requested": "[7.3.4, )",
        "resolved": "7.3.4",
        "contentHash": "7GggWrdzKrtGWETRn3dcMnmuLSyWaDkBK94TK80LEHQEVz4bmsQc7FYO7qL40RDdZU2YPz5d98aT9lW5OYExuA==",
        "dependencies": {
          "JsonPointer.Net": "5.3.1"
        }
      },
      "Microsoft.OpenApi.YamlReader": {
        "type": "Direct",
        "requested": "[2.0.0, )",
        "resolved": "2.0.0",
        "contentHash": "XriljZYIxwUlG77vNRj8Dg/r2I+bZUjwuy60B0lOBF9uB6IOFbn/p7mvfODAhsCvfhbj4fgwW1iRbhRzv53jLg==",
        "dependencies": {
          "Microsoft.OpenApi": "2.0.0",
          "SharpYaml": "2.1.3",
          "System.Text.Json": "8.0.5"
        }
      },
      "Humanizer.Core": {
        "type": "Transitive",
        "resolved": "2.14.1",
        "contentHash": "lQKvtaTDOXnoVJ20ibTuSIOf2i0uO0MPbDhd1jm238I+U/2ZnRENj0cktKZhtchBMtCUSRQ5v4xBCUbKNmyVMw=="
      },
      "Json.More.Net": {
        "type": "Transitive",
        "resolved": "2.1.1",
        "contentHash": "ZXAKl2VsdnIZeUo1PFII3Oi1m1L4YQjEyDjygHfHln5vgsjgIo749X6xWkv7qFYp8RROES+vOEfDcvvoVgs8kA=="
      },
      "JsonPointer.Net": {
        "type": "Transitive",
        "resolved": "5.3.1",
        "contentHash": "3e2OJjU0OaE26XC/klgxbJuXvteFWTDJIJv0ITYWcJEoskq7jzUwPSC1s0iz4wPPQnfN7vwwFmg2gJfwRAPwgw==",
        "dependencies": {
          "Humanizer.Core": "2.14.1",
          "Json.More.Net": "2.1.1"
        }
      },
      "Microsoft.OpenApi": {
        "type": "Transitive",
        "resolved": "2.0.0",
        "contentHash": "GGYLfzV/G/ct80OZ45JxnWP7NvMX1BCugn/lX7TH5o0lcVaviavsLMTxmFV2AybXWjbi3h6FF1vgZiTK6PXndw==",
        "dependencies": {
          "System.Text.Json": "8.0.5"
        }
      },
      "SharpYaml": {
        "type": "Transitive",
        "resolved": "2.1.3",
        "contentHash": "qd6kDo2uZPG/AvQ3NS2CXr7fDtP+rjiNQ81No3mFGpn41DcG0FEklgnj/j5hVhgQ6YTgTYbvyzkdDnvT+RtuLQ=="
      },
      "System.Text.Json": {
        "type": "Transitive",
        "resolved": "8.0.5",
        "contentHash": "0f1B50Ss7rqxXiaBJyzUu9bWFOO2/zSlifZ/UNMdiIpDYe4cY4LQQicP4nirK1OS31I43rn062UIJ1Q9bpmHpg=="
      }
    }
  }
}